
Microsoft Visual Studio Solution File, Format Version 12.00
# Visual Studio Version 17
VisualStudioVersion = 17.8.34511.84
MinimumVisualStudioVersion = 10.0.40219.1
Project("{FAE04EC0-301F-11D3-BF4B-00C04F79EFBC}") = "cdc.cloudPushNotification.service.cdp", "cdc.cloudPushNotification.service.cdp\cdc.cloudPushNotification.service.cdp.csproj", "{E4771D79-88E9-43D2-9DF9-C005F1516F51}"
EndProject
Global
	GlobalSection(SolutionConfigurationPlatforms) = preSolution
		Debug|Any CPU = Debug|Any CPU
		Release|Any CPU = Release|Any CPU
	EndGlobalSection
	GlobalSection(ProjectConfigurationPlatforms) = postSolution
		{E4771D79-88E9-43D2-9DF9-C005F1516F51}.Debug|Any CPU.ActiveCfg = Debug|Any CPU
		{E4771D79-88E9-43D2-9DF9-C005F1516F51}.Debug|Any CPU.Build.0 = Debug|Any CPU
		{E4771D79-88E9-43D2-9DF9-C005F1516F51}.Release|Any CPU.ActiveCfg = Release|Any CPU
		{E4771D79-88E9-43D2-9DF9-C005F1516F51}.Release|Any CPU.Build.0 = Release|Any CPU
	EndGlobalSection
	GlobalSection(SolutionProperties) = preSolution
		HideSolutionNode = FALSE
	EndGlobalSection
	GlobalSection(ExtensibilityGlobals) = postSolution
		SolutionGuid = {31851D58-D412-459E-BB2E-04B768177065}
	EndGlobalSection
EndGlobal
