
Microsoft Visual Studio Solution File, Format Version 12.00
# Visual Studio Version 17
VisualStudioVersion = 17.5.33516.290
MinimumVisualStudioVersion = 10.0.40219.1
Project("{FAE04EC0-301F-11D3-BF4B-00C04F79EFBC}") = "keycloak-sso-net6", "keycloak-sso-net6\keycloak-sso-net6.csproj", "{F05029E5-F2EE-4680-993F-D25C58FC59DA}"
EndProject
Global
	GlobalSection(SolutionConfigurationPlatforms) = preSolution
		Debug|Any CPU = Debug|Any CPU
		Release|Any CPU = Release|Any CPU
	EndGlobalSection
	GlobalSection(ProjectConfigurationPlatforms) = postSolution
		{F05029E5-F2EE-4680-993F-D25C58FC59DA}.Debug|Any CPU.ActiveCfg = Debug|Any CPU
		{F05029E5-F2EE-4680-993F-D25C58FC59DA}.Debug|Any CPU.Build.0 = Debug|Any CPU
		{F05029E5-F2EE-4680-993F-D25C58FC59DA}.Release|Any CPU.ActiveCfg = Release|Any CPU
		{F05029E5-F2EE-4680-993F-D25C58FC59DA}.Release|Any CPU.Build.0 = Release|Any CPU
	EndGlobalSection
	GlobalSection(SolutionProperties) = preSolution
		HideSolutionNode = FALSE
	EndGlobalSection
	GlobalSection(ExtensibilityGlobals) = postSolution
		SolutionGuid = {694059B5-9C66-40D2-B2D8-6428E9AEE57F}
	EndGlobalSection
EndGlobal
